
Microsoft Visual Studio Solution File, Format Version 12.00
# Visual Studio 2012
Project("{FAE04EC0-301F-11D3-BF4B-00C04F79EFBC}") = "PclUnit", "PclUnit\PclUnit.csproj", "{999019D5-60C5-4CE6-A070-28B197C44D2A}"
EndProject
Project("{2150E333-8FDC-42A3-9474-1A3956D46DE8}") = "WhoTestsTheTesters", "WhoTestsTheTesters", "{6ECDD5E9-7354-4153-89F6-0AE99785F648}"
	ProjectSection(SolutionItems) = preProject
		WhoTestsTheTesters\Readme.md = WhoTestsTheTesters\Readme.md
	EndProjectSection
EndProject
Project("{FAE04EC0-301F-11D3-BF4B-00C04F79EFBC}") = "RoughRunner", "WhoTestsTheTesters\RoughRunner\RoughRunner.csproj", "{E64E577E-2F1D-48F9-935A-FABE93E3FBAA}"
EndProject
Project("{FAE04EC0-301F-11D3-BF4B-00C04F79EFBC}") = "BasicTests", "WhoTestsTheTesters\Tests\BasicTests\BasicTests.csproj", "{07944FC5-DEBB-478F-A464-AD62CA4DD7A0}"
EndProject
Project("{FAE04EC0-301F-11D3-BF4B-00C04F79EFBC}") = "ConstraintsTests", "WhoTestsTheTesters\Tests\ConstraintsTests\ConstraintsTests.csproj", "{360DD182-DFD4-479E-B001-042413D2DE02}"
EndProject
Project("{2150E333-8FDC-42A3-9474-1A3956D46DE8}") = ".nuget", ".nuget", "{CB47488D-6ECE-4697-90C2-3BDA8488F00C}"
	ProjectSection(SolutionItems) = preProject
		.nuget\NuGet.Config = .nuget\NuGet.Config
		.nuget\NuGet.exe = .nuget\NuGet.exe
		.nuget\NuGet.targets = .nuget\NuGet.targets
	EndProjectSection
EndProject
Project("{2150E333-8FDC-42A3-9474-1A3956D46DE8}") = "Runner", "Runner", "{D499D912-5D0C-4EB5-B90E-B418E9A9D609}"
EndProject
Project("{FAE04EC0-301F-11D3-BF4B-00C04F79EFBC}") = "pclunit-runner", "Runner\pclunit-runner\pclunit-runner.csproj", "{D7AA16C2-E92A-40E5-A9A1-CCA13EA6D877}"
	ProjectSection(ProjectDependencies) = postProject
		{96409D0A-2D64-40D3-A932-A6A7927CE1EB} = {96409D0A-2D64-40D3-A932-A6A7927CE1EB}
		{BA124F39-825D-49F1-B272-C3347E046800} = {BA124F39-825D-49F1-B272-C3347E046800}
		{52370A3F-0E6A-470F-BA7F-5E3137007FA6} = {52370A3F-0E6A-470F-BA7F-5E3137007FA6}
		{E2FF9461-B37A-4A65-9108-CE8ADCC04B0D} = {E2FF9461-B37A-4A65-9108-CE8ADCC04B0D}
		{360DD182-DFD4-479E-B001-042413D2DE02} = {360DD182-DFD4-479E-B001-042413D2DE02}
		{65EB3F91-B03B-4EE4-92B6-1FB9061E968C} = {65EB3F91-B03B-4EE4-92B6-1FB9061E968C}
		{E4901E9B-CB20-4377-AF40-11D151A37591} = {E4901E9B-CB20-4377-AF40-11D151A37591}
		{E63677AE-4E0B-4983-9C30-9E5506F56D28} = {E63677AE-4E0B-4983-9C30-9E5506F56D28}
		{07944FC5-DEBB-478F-A464-AD62CA4DD7A0} = {07944FC5-DEBB-478F-A464-AD62CA4DD7A0}
		{C5E3D1D1-568D-4AD2-9E99-2D1418D0EB65} = {C5E3D1D1-568D-4AD2-9E99-2D1418D0EB65}
		{42EFA2D2-EAEA-499E-A38E-A3A5B5B722C9} = {42EFA2D2-EAEA-499E-A38E-A3A5B5B722C9}
	EndProjectSection
EndProject
Project("{2150E333-8FDC-42A3-9474-1A3956D46DE8}") = "Platforms", "Platforms", "{3C9D2B11-AAA6-460F-9234-DAD48C16B2A6}"
EndProject
Project("{2150E333-8FDC-42A3-9474-1A3956D46DE8}") = "Contrib", "Contrib", "{83006684-DA66-48B5-940C-9DE54271B193}"
	ProjectSection(SolutionItems) = preProject
		Contrib\Readme.md = Contrib\Readme.md
	EndProjectSection
EndProject
Project("{FAE04EC0-301F-11D3-BF4B-00C04F79EFBC}") = "PclUnit.Constraints", "Contrib\PclUnit.Constraints\PclUnit.Constraints.csproj", "{7251D9B8-DD2A-4DCA-A568-C53772081CE5}"
EndProject
Project("{FAE04EC0-301F-11D3-BF4B-00C04F79EFBC}") = "ConventionTestProcessor", "WhoTestsTheTesters\ConventionTestProcessor\ConventionTestProcessor.csproj", "{5AFB0620-F75F-45D6-B287-F1A2F1337DB2}"
	ProjectSection(ProjectDependencies) = postProject
		{D7AA16C2-E92A-40E5-A9A1-CCA13EA6D877} = {D7AA16C2-E92A-40E5-A9A1-CCA13EA6D877}
	EndProjectSection
EndProject
Project("{FAE04EC0-301F-11D3-BF4B-00C04F79EFBC}") = "SilverlightTests", "WhoTestsTheTesters\Tests\SilverlightTests\SilverlightTests.csproj", "{C5E3D1D1-568D-4AD2-9E99-2D1418D0EB65}"
EndProject
Project("{FAE04EC0-301F-11D3-BF4B-00C04F79EFBC}") = "net-40-x64-full", "Runner\Platforms\net\net40\net-40-x64-full.csproj", "{E4901E9B-CB20-4377-AF40-11D151A37591}"
EndProject
Project("{FAE04EC0-301F-11D3-BF4B-00C04F79EFBC}") = "net-40-x86-full", "Runner\Platforms\net\net40\net-40-x86-full.csproj", "{96409D0A-2D64-40D3-A932-A6A7927CE1EB}"
EndProject
Project("{FAE04EC0-301F-11D3-BF4B-00C04F79EFBC}") = "net-45-x86-full", "Runner\Platforms\net\net45\net-45-x86-full.csproj", "{E2FF9461-B37A-4A65-9108-CE8ADCC04B0D}"
EndProject
Project("{FAE04EC0-301F-11D3-BF4B-00C04F79EFBC}") = "net-45-x64-full", "Runner\Platforms\net\net45\net-45-x64-full.csproj", "{42EFA2D2-EAEA-499E-A38E-A3A5B5B722C9}"
EndProject
Project("{FAE04EC0-301F-11D3-BF4B-00C04F79EFBC}") = "sl-50-x64", "Runner\Platforms\sl\sl50\sl-50-x64.csproj", "{52370A3F-0E6A-470F-BA7F-5E3137007FA6}"
	ProjectSection(ProjectDependencies) = postProject
		{4A2B5777-B565-49A6-ACE7-ED3FCAB12FA0} = {4A2B5777-B565-49A6-ACE7-ED3FCAB12FA0}
	EndProjectSection
EndProject
Project("{FAE04EC0-301F-11D3-BF4B-00C04F79EFBC}") = "sl-50-x86", "Runner\Platforms\sl\sl50\sl-50-x86.csproj", "{65EB3F91-B03B-4EE4-92B6-1FB9061E968C}"
	ProjectSection(ProjectDependencies) = postProject
		{4A2B5777-B565-49A6-ACE7-ED3FCAB12FA0} = {4A2B5777-B565-49A6-ACE7-ED3FCAB12FA0}
	EndProjectSection
EndProject
Project("{FAE04EC0-301F-11D3-BF4B-00C04F79EFBC}") = "sl-50-xap", "Runner\Platforms\sl\sl50-xap\sl-50-xap.csproj", "{4A2B5777-B565-49A6-ACE7-ED3FCAB12FA0}"
EndProject
Project("{FAE04EC0-301F-11D3-BF4B-00C04F79EFBC}") = "CoverageRunner", "WhoTestsTheTesters\CoverageRunner\CoverageRunner.csproj", "{CC51B277-1B75-433D-99B4-F4EA2EC3A4B8}"
EndProject
Project("{FAE04EC0-301F-11D3-BF4B-00C04F79EFBC}") = "PclUnit.Style.Xunit", "Contrib\PclUnit.Style.Xunit\PclUnit.Style.Xunit.csproj", "{57504543-DC1D-4A8D-8E70-4464C296512C}"
EndProject
Project("{FAE04EC0-301F-11D3-BF4B-00C04F79EFBC}") = "XunitTests", "WhoTestsTheTesters\Tests\Style\XunitTests\XunitTests.csproj", "{E63677AE-4E0B-4983-9C30-9E5506F56D28}"
EndProject
Project("{FAE04EC0-301F-11D3-BF4B-00C04F79EFBC}") = "pclunit-runner.net40", "Runner\pclunit-runner.net40\pclunit-runner.net40.csproj", "{F0BA1340-F95D-49B5-8065-E9EB12FB40CA}"
EndProject
Project("{FAE04EC0-301F-11D3-BF4B-00C04F79EFBC}") = "PclUnit.Style.Nunit", "Contrib\PclUnit.Style.Nunit\PclUnit.Style.Nunit.csproj", "{DBD9FD82-E254-43B4-9D69-C398ACEFB45B}"
EndProject
Project("{2150E333-8FDC-42A3-9474-1A3956D46DE8}") = "Tests", "Tests", "{563D681B-1803-45A5-B724-196C93B1F80A}"
	ProjectSection(SolutionItems) = preProject
		WhoTestsTheTesters\Tests\Readme.md = WhoTestsTheTesters\Tests\Readme.md
		WhoTestsTheTesters\Tests\RunTests.codebetterci.yml = WhoTestsTheTesters\Tests\RunTests.codebetterci.yml
		WhoTestsTheTesters\Tests\RunTests.Mono.Manually.sh = WhoTestsTheTesters\Tests\RunTests.Mono.Manually.sh
		WhoTestsTheTesters\Tests\RunTests.mono.yml = WhoTestsTheTesters\Tests\RunTests.mono.yml
		WhoTestsTheTesters\Tests\RunTests.yml = WhoTestsTheTesters\Tests\RunTests.yml
	EndProjectSection
EndProject
Project("{FAE04EC0-301F-11D3-BF4B-00C04F79EFBC}") = "NunitTests", "WhoTestsTheTesters\Tests\Style\NunitTests\NunitTests.csproj", "{BA124F39-825D-49F1-B272-C3347E046800}"
EndProject
Project("{FAE04EC0-301F-11D3-BF4B-00C04F79EFBC}") = "TestAll", "WhoTestsTheTesters\TestAll\TestAll.csproj", "{A32277EE-8107-4A76-B769-6C3ACF56A4F3}"
	ProjectSection(ProjectDependencies) = postProject
		{5AFB0620-F75F-45D6-B287-F1A2F1337DB2} = {5AFB0620-F75F-45D6-B287-F1A2F1337DB2}
		{E64E577E-2F1D-48F9-935A-FABE93E3FBAA} = {E64E577E-2F1D-48F9-935A-FABE93E3FBAA}
		{D7AA16C2-E92A-40E5-A9A1-CCA13EA6D877} = {D7AA16C2-E92A-40E5-A9A1-CCA13EA6D877}
	EndProjectSection
EndProject
Project("{2150E333-8FDC-42A3-9474-1A3956D46DE8}") = "_", "_", "{454C4562-4E67-4015-8C81-C3C562E21CCC}"
	ProjectSection(SolutionItems) = preProject
		.travis.yml = .travis.yml
		Changes.md = Changes.md
		Contributors.md = Contributors.md
		License.txt = License.txt
		Readme.md = Readme.md
	EndProjectSection
EndProject
Project("{F2A71F9B-5D33-465A-A702-920D77279786}") = "PclUnit.Style.FsUnit", "Contrib\PclUnit.Style.FsUnit\PclUnit.Style.FsUnit.fsproj", "{44C176A6-C439-4617-B880-F2F4E55F54F1}"
EndProject
Project("{F2A71F9B-5D33-465A-A702-920D77279786}") = "FsUnitTests", "WhoTestsTheTesters\Tests\Style\FsUnitTests\FsUnitTests.fsproj", "{C5DFE8AC-6B2D-462D-AF0A-086A13F6EAF7}"
EndProject
Global
	GlobalSection(SolutionConfigurationPlatforms) = preSolution
		Debug|Any CPU = Debug|Any CPU
		Release|Any CPU = Release|Any CPU
	EndGlobalSection
	GlobalSection(ProjectConfigurationPlatforms) = postSolution
		{999019D5-60C5-4CE6-A070-28B197C44D2A}.Debug|Any CPU.ActiveCfg = Debug|Any CPU
		{999019D5-60C5-4CE6-A070-28B197C44D2A}.Debug|Any CPU.Build.0 = Debug|Any CPU
		{999019D5-60C5-4CE6-A070-28B197C44D2A}.Release|Any CPU.ActiveCfg = Release|Any CPU
		{999019D5-60C5-4CE6-A070-28B197C44D2A}.Release|Any CPU.Build.0 = Release|Any CPU
		{E64E577E-2F1D-48F9-935A-FABE93E3FBAA}.Debug|Any CPU.ActiveCfg = Debug|Any CPU
		{E64E577E-2F1D-48F9-935A-FABE93E3FBAA}.Debug|Any CPU.Build.0 = Debug|Any CPU
		{E64E577E-2F1D-48F9-935A-FABE93E3FBAA}.Release|Any CPU.ActiveCfg = Release|Any CPU
		{E64E577E-2F1D-48F9-935A-FABE93E3FBAA}.Release|Any CPU.Build.0 = Release|Any CPU
		{07944FC5-DEBB-478F-A464-AD62CA4DD7A0}.Debug|Any CPU.ActiveCfg = Debug|Any CPU
		{07944FC5-DEBB-478F-A464-AD62CA4DD7A0}.Debug|Any CPU.Build.0 = Debug|Any CPU
		{07944FC5-DEBB-478F-A464-AD62CA4DD7A0}.Release|Any CPU.ActiveCfg = Release|Any CPU
		{07944FC5-DEBB-478F-A464-AD62CA4DD7A0}.Release|Any CPU.Build.0 = Release|Any CPU
		{360DD182-DFD4-479E-B001-042413D2DE02}.Debug|Any CPU.ActiveCfg = Debug|Any CPU
		{360DD182-DFD4-479E-B001-042413D2DE02}.Debug|Any CPU.Build.0 = Debug|Any CPU
		{360DD182-DFD4-479E-B001-042413D2DE02}.Release|Any CPU.ActiveCfg = Release|Any CPU
		{360DD182-DFD4-479E-B001-042413D2DE02}.Release|Any CPU.Build.0 = Release|Any CPU
		{D7AA16C2-E92A-40E5-A9A1-CCA13EA6D877}.Debug|Any CPU.ActiveCfg = Debug|Any CPU
		{D7AA16C2-E92A-40E5-A9A1-CCA13EA6D877}.Debug|Any CPU.Build.0 = Debug|Any CPU
		{D7AA16C2-E92A-40E5-A9A1-CCA13EA6D877}.Release|Any CPU.ActiveCfg = Release|Any CPU
		{D7AA16C2-E92A-40E5-A9A1-CCA13EA6D877}.Release|Any CPU.Build.0 = Release|Any CPU
		{7251D9B8-DD2A-4DCA-A568-C53772081CE5}.Debug|Any CPU.ActiveCfg = Debug|Any CPU
		{7251D9B8-DD2A-4DCA-A568-C53772081CE5}.Debug|Any CPU.Build.0 = Debug|Any CPU
		{7251D9B8-DD2A-4DCA-A568-C53772081CE5}.Release|Any CPU.ActiveCfg = Release|Any CPU
		{7251D9B8-DD2A-4DCA-A568-C53772081CE5}.Release|Any CPU.Build.0 = Release|Any CPU
		{5AFB0620-F75F-45D6-B287-F1A2F1337DB2}.Debug|Any CPU.ActiveCfg = Debug|Any CPU
		{5AFB0620-F75F-45D6-B287-F1A2F1337DB2}.Debug|Any CPU.Build.0 = Debug|Any CPU
		{5AFB0620-F75F-45D6-B287-F1A2F1337DB2}.Release|Any CPU.ActiveCfg = Release|Any CPU
		{5AFB0620-F75F-45D6-B287-F1A2F1337DB2}.Release|Any CPU.Build.0 = Release|Any CPU
		{C5E3D1D1-568D-4AD2-9E99-2D1418D0EB65}.Debug|Any CPU.ActiveCfg = Debug|Any CPU
		{C5E3D1D1-568D-4AD2-9E99-2D1418D0EB65}.Debug|Any CPU.Build.0 = Debug|Any CPU
		{C5E3D1D1-568D-4AD2-9E99-2D1418D0EB65}.Release|Any CPU.ActiveCfg = Release|Any CPU
		{C5E3D1D1-568D-4AD2-9E99-2D1418D0EB65}.Release|Any CPU.Build.0 = Release|Any CPU
		{E4901E9B-CB20-4377-AF40-11D151A37591}.Debug|Any CPU.ActiveCfg = Debug|Any CPU
		{E4901E9B-CB20-4377-AF40-11D151A37591}.Debug|Any CPU.Build.0 = Debug|Any CPU
		{E4901E9B-CB20-4377-AF40-11D151A37591}.Release|Any CPU.ActiveCfg = Release|Any CPU
		{E4901E9B-CB20-4377-AF40-11D151A37591}.Release|Any CPU.Build.0 = Release|Any CPU
		{96409D0A-2D64-40D3-A932-A6A7927CE1EB}.Debug|Any CPU.ActiveCfg = Debug|Any CPU
		{96409D0A-2D64-40D3-A932-A6A7927CE1EB}.Debug|Any CPU.Build.0 = Debug|Any CPU
		{96409D0A-2D64-40D3-A932-A6A7927CE1EB}.Release|Any CPU.ActiveCfg = Release|Any CPU
		{96409D0A-2D64-40D3-A932-A6A7927CE1EB}.Release|Any CPU.Build.0 = Release|Any CPU
		{E2FF9461-B37A-4A65-9108-CE8ADCC04B0D}.Debug|Any CPU.ActiveCfg = Debug|Any CPU
		{E2FF9461-B37A-4A65-9108-CE8ADCC04B0D}.Debug|Any CPU.Build.0 = Debug|Any CPU
		{E2FF9461-B37A-4A65-9108-CE8ADCC04B0D}.Release|Any CPU.ActiveCfg = Release|Any CPU
		{E2FF9461-B37A-4A65-9108-CE8ADCC04B0D}.Release|Any CPU.Build.0 = Release|Any CPU
		{42EFA2D2-EAEA-499E-A38E-A3A5B5B722C9}.Debug|Any CPU.ActiveCfg = Debug|Any CPU
		{42EFA2D2-EAEA-499E-A38E-A3A5B5B722C9}.Debug|Any CPU.Build.0 = Debug|Any CPU
		{42EFA2D2-EAEA-499E-A38E-A3A5B5B722C9}.Release|Any CPU.ActiveCfg = Release|Any CPU
		{42EFA2D2-EAEA-499E-A38E-A3A5B5B722C9}.Release|Any CPU.Build.0 = Release|Any CPU
		{52370A3F-0E6A-470F-BA7F-5E3137007FA6}.Debug|Any CPU.ActiveCfg = Debug|Any CPU
		{52370A3F-0E6A-470F-BA7F-5E3137007FA6}.Debug|Any CPU.Build.0 = Debug|Any CPU
		{52370A3F-0E6A-470F-BA7F-5E3137007FA6}.Release|Any CPU.ActiveCfg = Release|Any CPU
		{52370A3F-0E6A-470F-BA7F-5E3137007FA6}.Release|Any CPU.Build.0 = Release|Any CPU
		{65EB3F91-B03B-4EE4-92B6-1FB9061E968C}.Debug|Any CPU.ActiveCfg = Debug|Any CPU
		{65EB3F91-B03B-4EE4-92B6-1FB9061E968C}.Debug|Any CPU.Build.0 = Debug|Any CPU
		{65EB3F91-B03B-4EE4-92B6-1FB9061E968C}.Release|Any CPU.ActiveCfg = Release|Any CPU
		{65EB3F91-B03B-4EE4-92B6-1FB9061E968C}.Release|Any CPU.Build.0 = Release|Any CPU
		{4A2B5777-B565-49A6-ACE7-ED3FCAB12FA0}.Debug|Any CPU.ActiveCfg = Debug|Any CPU
		{4A2B5777-B565-49A6-ACE7-ED3FCAB12FA0}.Debug|Any CPU.Build.0 = Debug|Any CPU
		{4A2B5777-B565-49A6-ACE7-ED3FCAB12FA0}.Release|Any CPU.ActiveCfg = Release|Any CPU
		{4A2B5777-B565-49A6-ACE7-ED3FCAB12FA0}.Release|Any CPU.Build.0 = Release|Any CPU
		{CC51B277-1B75-433D-99B4-F4EA2EC3A4B8}.Debug|Any CPU.ActiveCfg = Debug|Any CPU
		{CC51B277-1B75-433D-99B4-F4EA2EC3A4B8}.Debug|Any CPU.Build.0 = Debug|Any CPU
		{CC51B277-1B75-433D-99B4-F4EA2EC3A4B8}.Release|Any CPU.ActiveCfg = Release|Any CPU
		{CC51B277-1B75-433D-99B4-F4EA2EC3A4B8}.Release|Any CPU.Build.0 = Release|Any CPU
		{57504543-DC1D-4A8D-8E70-4464C296512C}.Debug|Any CPU.ActiveCfg = Debug|Any CPU
		{57504543-DC1D-4A8D-8E70-4464C296512C}.Debug|Any CPU.Build.0 = Debug|Any CPU
		{57504543-DC1D-4A8D-8E70-4464C296512C}.Release|Any CPU.ActiveCfg = Release|Any CPU
		{57504543-DC1D-4A8D-8E70-4464C296512C}.Release|Any CPU.Build.0 = Release|Any CPU
		{E63677AE-4E0B-4983-9C30-9E5506F56D28}.Debug|Any CPU.ActiveCfg = Debug|Any CPU
		{E63677AE-4E0B-4983-9C30-9E5506F56D28}.Debug|Any CPU.Build.0 = Debug|Any CPU
		{E63677AE-4E0B-4983-9C30-9E5506F56D28}.Release|Any CPU.ActiveCfg = Release|Any CPU
		{E63677AE-4E0B-4983-9C30-9E5506F56D28}.Release|Any CPU.Build.0 = Release|Any CPU
		{F0BA1340-F95D-49B5-8065-E9EB12FB40CA}.Debug|Any CPU.ActiveCfg = Debug|Any CPU
		{F0BA1340-F95D-49B5-8065-E9EB12FB40CA}.Debug|Any CPU.Build.0 = Debug|Any CPU
		{F0BA1340-F95D-49B5-8065-E9EB12FB40CA}.Release|Any CPU.ActiveCfg = Release|Any CPU
		{F0BA1340-F95D-49B5-8065-E9EB12FB40CA}.Release|Any CPU.Build.0 = Release|Any CPU
		{DBD9FD82-E254-43B4-9D69-C398ACEFB45B}.Debug|Any CPU.ActiveCfg = Debug|Any CPU
		{DBD9FD82-E254-43B4-9D69-C398ACEFB45B}.Debug|Any CPU.Build.0 = Debug|Any CPU
		{DBD9FD82-E254-43B4-9D69-C398ACEFB45B}.Release|Any CPU.ActiveCfg = Release|Any CPU
		{DBD9FD82-E254-43B4-9D69-C398ACEFB45B}.Release|Any CPU.Build.0 = Release|Any CPU
		{BA124F39-825D-49F1-B272-C3347E046800}.Debug|Any CPU.ActiveCfg = Debug|Any CPU
		{BA124F39-825D-49F1-B272-C3347E046800}.Debug|Any CPU.Build.0 = Debug|Any CPU
		{BA124F39-825D-49F1-B272-C3347E046800}.Release|Any CPU.ActiveCfg = Release|Any CPU
		{BA124F39-825D-49F1-B272-C3347E046800}.Release|Any CPU.Build.0 = Release|Any CPU
		{A32277EE-8107-4A76-B769-6C3ACF56A4F3}.Debug|Any CPU.ActiveCfg = Debug|Any CPU
		{A32277EE-8107-4A76-B769-6C3ACF56A4F3}.Debug|Any CPU.Build.0 = Debug|Any CPU
		{A32277EE-8107-4A76-B769-6C3ACF56A4F3}.Release|Any CPU.ActiveCfg = Release|Any CPU
		{A32277EE-8107-4A76-B769-6C3ACF56A4F3}.Release|Any CPU.Build.0 = Release|Any CPU
		{44C176A6-C439-4617-B880-F2F4E55F54F1}.Debug|Any CPU.ActiveCfg = Debug|Any CPU
		{44C176A6-C439-4617-B880-F2F4E55F54F1}.Debug|Any CPU.Build.0 = Debug|Any CPU
		{44C176A6-C439-4617-B880-F2F4E55F54F1}.Release|Any CPU.ActiveCfg = Release|Any CPU
		{44C176A6-C439-4617-B880-F2F4E55F54F1}.Release|Any CPU.Build.0 = Release|Any CPU
		{C5DFE8AC-6B2D-462D-AF0A-086A13F6EAF7}.Debug|Any CPU.ActiveCfg = Debug|Any CPU
		{C5DFE8AC-6B2D-462D-AF0A-086A13F6EAF7}.Debug|Any CPU.Build.0 = Debug|Any CPU
		{C5DFE8AC-6B2D-462D-AF0A-086A13F6EAF7}.Release|Any CPU.ActiveCfg = Release|Any CPU
		{C5DFE8AC-6B2D-462D-AF0A-086A13F6EAF7}.Release|Any CPU.Build.0 = Release|Any CPU
	EndGlobalSection
	GlobalSection(SolutionProperties) = preSolution
		HideSolutionNode = FALSE
	EndGlobalSection
	GlobalSection(NestedProjects) = preSolution
		{E64E577E-2F1D-48F9-935A-FABE93E3FBAA} = {6ECDD5E9-7354-4153-89F6-0AE99785F648}
		{563D681B-1803-45A5-B724-196C93B1F80A} = {6ECDD5E9-7354-4153-89F6-0AE99785F648}
		{5AFB0620-F75F-45D6-B287-F1A2F1337DB2} = {6ECDD5E9-7354-4153-89F6-0AE99785F648}
		{CC51B277-1B75-433D-99B4-F4EA2EC3A4B8} = {6ECDD5E9-7354-4153-89F6-0AE99785F648}
		{A32277EE-8107-4A76-B769-6C3ACF56A4F3} = {6ECDD5E9-7354-4153-89F6-0AE99785F648}
		{360DD182-DFD4-479E-B001-042413D2DE02} = {563D681B-1803-45A5-B724-196C93B1F80A}
		{C5E3D1D1-568D-4AD2-9E99-2D1418D0EB65} = {563D681B-1803-45A5-B724-196C93B1F80A}
		{E63677AE-4E0B-4983-9C30-9E5506F56D28} = {563D681B-1803-45A5-B724-196C93B1F80A}
		{07944FC5-DEBB-478F-A464-AD62CA4DD7A0} = {563D681B-1803-45A5-B724-196C93B1F80A}
		{BA124F39-825D-49F1-B272-C3347E046800} = {563D681B-1803-45A5-B724-196C93B1F80A}
		{C5DFE8AC-6B2D-462D-AF0A-086A13F6EAF7} = {563D681B-1803-45A5-B724-196C93B1F80A}
		{D7AA16C2-E92A-40E5-A9A1-CCA13EA6D877} = {D499D912-5D0C-4EB5-B90E-B418E9A9D609}
		{3C9D2B11-AAA6-460F-9234-DAD48C16B2A6} = {D499D912-5D0C-4EB5-B90E-B418E9A9D609}
		{F0BA1340-F95D-49B5-8065-E9EB12FB40CA} = {D499D912-5D0C-4EB5-B90E-B418E9A9D609}
		{E4901E9B-CB20-4377-AF40-11D151A37591} = {3C9D2B11-AAA6-460F-9234-DAD48C16B2A6}
		{96409D0A-2D64-40D3-A932-A6A7927CE1EB} = {3C9D2B11-AAA6-460F-9234-DAD48C16B2A6}
		{E2FF9461-B37A-4A65-9108-CE8ADCC04B0D} = {3C9D2B11-AAA6-460F-9234-DAD48C16B2A6}
		{42EFA2D2-EAEA-499E-A38E-A3A5B5B722C9} = {3C9D2B11-AAA6-460F-9234-DAD48C16B2A6}
		{52370A3F-0E6A-470F-BA7F-5E3137007FA6} = {3C9D2B11-AAA6-460F-9234-DAD48C16B2A6}
		{65EB3F91-B03B-4EE4-92B6-1FB9061E968C} = {3C9D2B11-AAA6-460F-9234-DAD48C16B2A6}
		{4A2B5777-B565-49A6-ACE7-ED3FCAB12FA0} = {3C9D2B11-AAA6-460F-9234-DAD48C16B2A6}
		{7251D9B8-DD2A-4DCA-A568-C53772081CE5} = {83006684-DA66-48B5-940C-9DE54271B193}
		{57504543-DC1D-4A8D-8E70-4464C296512C} = {83006684-DA66-48B5-940C-9DE54271B193}
		{DBD9FD82-E254-43B4-9D69-C398ACEFB45B} = {83006684-DA66-48B5-940C-9DE54271B193}
		{44C176A6-C439-4617-B880-F2F4E55F54F1} = {83006684-DA66-48B5-940C-9DE54271B193}
	EndGlobalSection
	GlobalSection(MonoDevelopProperties) = preSolution
		StartupItem = Runner\pclunit-runner\pclunit-runner.csproj
	EndGlobalSection
EndGlobal
